
Microsoft Visual Studio Solution File, Format Version 12.00
# Visual Studio Version 16
VisualStudioVersion = 16.6.30114.105
MinimumVisualStudioVersion = 10.0.40219.1
Project("{2150E333-8FDC-42A3-9474-1A3956D46DE8}") = "src", "src", "{D34AAC54-99DD-4F09-A7B4-C6AECA32C83D}"
EndProject
Project("{2150E333-8FDC-42A3-9474-1A3956D46DE8}") = "Core", "Core", "{0B91E456-D554-4453-B578-083076D54AAF}"
EndProject
Project("{9A19103F-16F7-4668-BE54-9A1E7A4F7556}") = "BakTraCam.Core.Business", "src\Core\BakTraCam.Core.Business\BakTraCam.Core.Business.csproj", "{2F5253AA-9D64-4EBA-9101-B7FAE1ED27DD}"
EndProject
Project("{9A19103F-16F7-4668-BE54-9A1E7A4F7556}") = "BakTraCam.Core.DataAccess", "src\Core\BakTraCam.Core.DataAccess\BakTraCam.Core.DataAccess.csproj", "{B18CA868-B37D-4A9B-9817-D1B09ADFE766}"
EndProject
Project("{9A19103F-16F7-4668-BE54-9A1E7A4F7556}") = "BakTraCam.Core.Entity", "src\Core\BakTraCam.Core.Entity\BakTraCam.Core.Entity.csproj", "{2EC0ADEA-5F10-462D-A2D0-81F8577D82C6}"
EndProject
Project("{9A19103F-16F7-4668-BE54-9A1E7A4F7556}") = "BakTraCam.Core.IoC", "src\Core\BakTraCam.Core.IoC\BakTraCam.Core.IoC.csproj", "{05E4ABCE-C629-4598-B649-C76EDD348A8B}"
EndProject
Project("{2150E333-8FDC-42A3-9474-1A3956D46DE8}") = "Service", "Service", "{06BD4281-B342-40B5-BA60-24E7730C6344}"
EndProject
Project("{9A19103F-16F7-4668-BE54-9A1E7A4F7556}") = "BakTraCam.Service.DataContract", "src\Service\BakTraCam.Service.DataContract\BakTraCam.Service.DataContract.csproj", "{E3FC07C5-2C8C-472E-85DF-BE881BD5D25E}"
EndProject
Project("{9A19103F-16F7-4668-BE54-9A1E7A4F7556}") = "BakTraCam.Service.WebApi", "src\Service\BakTraCam.Service.WebApi\BakTraCam.Service.WebApi.csproj", "{8C99DF3D-48A3-4C13-A0D2-723817726DAF}"
EndProject
Project("{2150E333-8FDC-42A3-9474-1A3956D46DE8}") = "Util", "Util", "{D0C00F3C-4E0B-4B0B-B749-5D2ECB30B9A9}"
EndProject
Project("{FAE04EC0-301F-11D3-BF4B-00C04F79EFBC}") = "BakTraCam.Common.Helper", "src\Util\BakTraCam.Common.Helper\BakTraCam.Common.Helper.csproj", "{0DA81E96-88B6-4F50-9649-10756FD2A227}"
EndProject
Project("{FAE04EC0-301F-11D3-BF4B-00C04F79EFBC}") = "BakTraCam.Util.Mapping", "src\Util\BakTraCam.Util.Mapping\BakTraCam.Util.Mapping.csproj", "{378DE8E7-87BC-43CA-9E58-9CD15280DF9C}"
EndProject
Global
	GlobalSection(SolutionConfigurationPlatforms) = preSolution
		Debug|Any CPU = Debug|Any CPU
		Debug|x64 = Debug|x64
		Debug|x86 = Debug|x86
		Release|Any CPU = Release|Any CPU
		Release|x64 = Release|x64
		Release|x86 = Release|x86
	EndGlobalSection
	GlobalSection(ProjectConfigurationPlatforms) = postSolution
		{2F5253AA-9D64-4EBA-9101-B7FAE1ED27DD}.Debug|Any CPU.ActiveCfg = Debug|Any CPU
		{2F5253AA-9D64-4EBA-9101-B7FAE1ED27DD}.Debug|Any CPU.Build.0 = Debug|Any CPU
		{2F5253AA-9D64-4EBA-9101-B7FAE1ED27DD}.Debug|x64.ActiveCfg = Debug|Any CPU
		{2F5253AA-9D64-4EBA-9101-B7FAE1ED27DD}.Debug|x64.Build.0 = Debug|Any CPU
		{2F5253AA-9D64-4EBA-9101-B7FAE1ED27DD}.Debug|x86.ActiveCfg = Debug|Any CPU
		{2F5253AA-9D64-4EBA-9101-B7FAE1ED27DD}.Debug|x86.Build.0 = Debug|Any CPU
		{2F5253AA-9D64-4EBA-9101-B7FAE1ED27DD}.Release|Any CPU.ActiveCfg = Release|Any CPU
		{2F5253AA-9D64-4EBA-9101-B7FAE1ED27DD}.Release|Any CPU.Build.0 = Release|Any CPU
		{2F5253AA-9D64-4EBA-9101-B7FAE1ED27DD}.Release|x64.ActiveCfg = Release|Any CPU
		{2F5253AA-9D64-4EBA-9101-B7FAE1ED27DD}.Release|x64.Build.0 = Release|Any CPU
		{2F5253AA-9D64-4EBA-9101-B7FAE1ED27DD}.Release|x86.ActiveCfg = Release|Any CPU
		{2F5253AA-9D64-4EBA-9101-B7FAE1ED27DD}.Release|x86.Build.0 = Release|Any CPU
		{B18CA868-B37D-4A9B-9817-D1B09ADFE766}.Debug|Any CPU.ActiveCfg = Debug|Any CPU
		{B18CA868-B37D-4A9B-9817-D1B09ADFE766}.Debug|Any CPU.Build.0 = Debug|Any CPU
		{B18CA868-B37D-4A9B-9817-D1B09ADFE766}.Debug|x64.ActiveCfg = Debug|Any CPU
		{B18CA868-B37D-4A9B-9817-D1B09ADFE766}.Debug|x64.Build.0 = Debug|Any CPU
		{B18CA868-B37D-4A9B-9817-D1B09ADFE766}.Debug|x86.ActiveCfg = Debug|Any CPU
		{B18CA868-B37D-4A9B-9817-D1B09ADFE766}.Debug|x86.Build.0 = Debug|Any CPU
		{B18CA868-B37D-4A9B-9817-D1B09ADFE766}.Release|Any CPU.ActiveCfg = Release|Any CPU
		{B18CA868-B37D-4A9B-9817-D1B09ADFE766}.Release|Any CPU.Build.0 = Release|Any CPU
		{B18CA868-B37D-4A9B-9817-D1B09ADFE766}.Release|x64.ActiveCfg = Release|Any CPU
		{B18CA868-B37D-4A9B-9817-D1B09ADFE766}.Release|x64.Build.0 = Release|Any CPU
		{B18CA868-B37D-4A9B-9817-D1B09ADFE766}.Release|x86.ActiveCfg = Release|Any CPU
		{B18CA868-B37D-4A9B-9817-D1B09ADFE766}.Release|x86.Build.0 = Release|Any CPU
		{2EC0ADEA-5F10-462D-A2D0-81F8577D82C6}.Debug|Any CPU.ActiveCfg = Debug|Any CPU
		{2EC0ADEA-5F10-462D-A2D0-81F8577D82C6}.Debug|Any CPU.Build.0 = Debug|Any CPU
		{2EC0ADEA-5F10-462D-A2D0-81F8577D82C6}.Debug|x64.ActiveCfg = Debug|Any CPU
		{2EC0ADEA-5F10-462D-A2D0-81F8577D82C6}.Debug|x64.Build.0 = Debug|Any CPU
		{2EC0ADEA-5F10-462D-A2D0-81F8577D82C6}.Debug|x86.ActiveCfg = Debug|Any CPU
		{2EC0ADEA-5F10-462D-A2D0-81F8577D82C6}.Debug|x86.Build.0 = Debug|Any CPU
		{2EC0ADEA-5F10-462D-A2D0-81F8577D82C6}.Release|Any CPU.ActiveCfg = Release|Any CPU
		{2EC0ADEA-5F10-462D-A2D0-81F8577D82C6}.Release|Any CPU.Build.0 = Release|Any CPU
		{2EC0ADEA-5F10-462D-A2D0-81F8577D82C6}.Release|x64.ActiveCfg = Release|Any CPU
		{2EC0ADEA-5F10-462D-A2D0-81F8577D82C6}.Release|x64.Build.0 = Release|Any CPU
		{2EC0ADEA-5F10-462D-A2D0-81F8577D82C6}.Release|x86.ActiveCfg = Release|Any CPU
		{2EC0ADEA-5F10-462D-A2D0-81F8577D82C6}.Release|x86.Build.0 = Release|Any CPU
		{05E4ABCE-C629-4598-B649-C76EDD348A8B}.Debug|Any CPU.ActiveCfg = Debug|Any CPU
		{05E4ABCE-C629-4598-B649-C76EDD348A8B}.Debug|Any CPU.Build.0 = Debug|Any CPU
		{05E4ABCE-C629-4598-B649-C76EDD348A8B}.Debug|x64.ActiveCfg = Debug|Any CPU
		{05E4ABCE-C629-4598-B649-C76EDD348A8B}.Debug|x64.Build.0 = Debug|Any CPU
		{05E4ABCE-C629-4598-B649-C76EDD348A8B}.Debug|x86.ActiveCfg = Debug|Any CPU
		{05E4ABCE-C629-4598-B649-C76EDD348A8B}.Debug|x86.Build.0 = Debug|Any CPU
		{05E4ABCE-C629-4598-B649-C76EDD348A8B}.Release|Any CPU.ActiveCfg = Release|Any CPU
		{05E4ABCE-C629-4598-B649-C76EDD348A8B}.Release|Any CPU.Build.0 = Release|Any CPU
		{05E4ABCE-C629-4598-B649-C76EDD348A8B}.Release|x64.ActiveCfg = Release|Any CPU
		{05E4ABCE-C629-4598-B649-C76EDD348A8B}.Release|x64.Build.0 = Release|Any CPU
		{05E4ABCE-C629-4598-B649-C76EDD348A8B}.Release|x86.ActiveCfg = Release|Any CPU
		{05E4ABCE-C629-4598-B649-C76EDD348A8B}.Release|x86.Build.0 = Release|Any CPU
		{E3FC07C5-2C8C-472E-85DF-BE881BD5D25E}.Debug|Any CPU.ActiveCfg = Debug|Any CPU
		{E3FC07C5-2C8C-472E-85DF-BE881BD5D25E}.Debug|Any CPU.Build.0 = Debug|Any CPU
		{E3FC07C5-2C8C-472E-85DF-BE881BD5D25E}.Debug|x64.ActiveCfg = Debug|Any CPU
		{E3FC07C5-2C8C-472E-85DF-BE881BD5D25E}.Debug|x64.Build.0 = Debug|Any CPU
		{E3FC07C5-2C8C-472E-85DF-BE881BD5D25E}.Debug|x86.ActiveCfg = Debug|Any CPU
		{E3FC07C5-2C8C-472E-85DF-BE881BD5D25E}.Debug|x86.Build.0 = Debug|Any CPU
		{E3FC07C5-2C8C-472E-85DF-BE881BD5D25E}.Release|Any CPU.ActiveCfg = Release|Any CPU
		{E3FC07C5-2C8C-472E-85DF-BE881BD5D25E}.Release|Any CPU.Build.0 = Release|Any CPU
		{E3FC07C5-2C8C-472E-85DF-BE881BD5D25E}.Release|x64.ActiveCfg = Release|Any CPU
		{E3FC07C5-2C8C-472E-85DF-BE881BD5D25E}.Release|x64.Build.0 = Release|Any CPU
		{E3FC07C5-2C8C-472E-85DF-BE881BD5D25E}.Release|x86.ActiveCfg = Release|Any CPU
		{E3FC07C5-2C8C-472E-85DF-BE881BD5D25E}.Release|x86.Build.0 = Release|Any CPU
		{8C99DF3D-48A3-4C13-A0D2-723817726DAF}.Debug|Any CPU.ActiveCfg = Debug|Any CPU
		{8C99DF3D-48A3-4C13-A0D2-723817726DAF}.Debug|Any CPU.Build.0 = Debug|Any CPU
		{8C99DF3D-48A3-4C13-A0D2-723817726DAF}.Debug|x64.ActiveCfg = Debug|Any CPU
		{8C99DF3D-48A3-4C13-A0D2-723817726DAF}.Debug|x64.Build.0 = Debug|Any CPU
		{8C99DF3D-48A3-4C13-A0D2-723817726DAF}.Debug|x86.ActiveCfg = Debug|Any CPU
		{8C99DF3D-48A3-4C13-A0D2-723817726DAF}.Debug|x86.Build.0 = Debug|Any CPU
		{8C99DF3D-48A3-4C13-A0D2-723817726DAF}.Release|Any CPU.ActiveCfg = Release|Any CPU
		{8C99DF3D-48A3-4C13-A0D2-723817726DAF}.Release|Any CPU.Build.0 = Release|Any CPU
		{8C99DF3D-48A3-4C13-A0D2-723817726DAF}.Release|x64.ActiveCfg = Release|Any CPU
		{8C99DF3D-48A3-4C13-A0D2-723817726DAF}.Release|x64.Build.0 = Release|Any CPU
		{8C99DF3D-48A3-4C13-A0D2-723817726DAF}.Release|x86.ActiveCfg = Release|Any CPU
		{8C99DF3D-48A3-4C13-A0D2-723817726DAF}.Release|x86.Build.0 = Release|Any CPU
		{0DA81E96-88B6-4F50-9649-10756FD2A227}.Debug|Any CPU.ActiveCfg = Debug|Any CPU
		{0DA81E96-88B6-4F50-9649-10756FD2A227}.Debug|Any CPU.Build.0 = Debug|Any CPU
		{0DA81E96-88B6-4F50-9649-10756FD2A227}.Debug|x64.ActiveCfg = Debug|Any CPU
		{0DA81E96-88B6-4F50-9649-10756FD2A227}.Debug|x64.Build.0 = Debug|Any CPU
		{0DA81E96-88B6-4F50-9649-10756FD2A227}.Debug|x86.ActiveCfg = Debug|Any CPU
		{0DA81E96-88B6-4F50-9649-10756FD2A227}.Debug|x86.Build.0 = Debug|Any CPU
		{0DA81E96-88B6-4F50-9649-10756FD2A227}.Release|Any CPU.ActiveCfg = Release|Any CPU
		{0DA81E96-88B6-4F50-9649-10756FD2A227}.Release|Any CPU.Build.0 = Release|Any CPU
		{0DA81E96-88B6-4F50-9649-10756FD2A227}.Release|x64.ActiveCfg = Release|Any CPU
		{0DA81E96-88B6-4F50-9649-10756FD2A227}.Release|x64.Build.0 = Release|Any CPU
		{0DA81E96-88B6-4F50-9649-10756FD2A227}.Release|x86.ActiveCfg = Release|Any CPU
		{0DA81E96-88B6-4F50-9649-10756FD2A227}.Release|x86.Build.0 = Release|Any CPU
		{378DE8E7-87BC-43CA-9E58-9CD15280DF9C}.Debug|Any CPU.ActiveCfg = Debug|Any CPU
		{378DE8E7-87BC-43CA-9E58-9CD15280DF9C}.Debug|Any CPU.Build.0 = Debug|Any CPU
		{378DE8E7-87BC-43CA-9E58-9CD15280DF9C}.Debug|x64.ActiveCfg = Debug|Any CPU
		{378DE8E7-87BC-43CA-9E58-9CD15280DF9C}.Debug|x64.Build.0 = Debug|Any CPU
		{378DE8E7-87BC-43CA-9E58-9CD15280DF9C}.Debug|x86.ActiveCfg = Debug|Any CPU
		{378DE8E7-87BC-43CA-9E58-9CD15280DF9C}.Debug|x86.Build.0 = Debug|Any CPU
		{378DE8E7-87BC-43CA-9E58-9CD15280DF9C}.Release|Any CPU.ActiveCfg = Release|Any CPU
		{378DE8E7-87BC-43CA-9E58-9CD15280DF9C}.Release|Any CPU.Build.0 = Release|Any CPU
		{378DE8E7-87BC-43CA-9E58-9CD15280DF9C}.Release|x64.ActiveCfg = Release|Any CPU
		{378DE8E7-87BC-43CA-9E58-9CD15280DF9C}.Release|x64.Build.0 = Release|Any CPU
		{378DE8E7-87BC-43CA-9E58-9CD15280DF9C}.Release|x86.ActiveCfg = Release|Any CPU
		{378DE8E7-87BC-43CA-9E58-9CD15280DF9C}.Release|x86.Build.0 = Release|Any CPU
	EndGlobalSection
	GlobalSection(SolutionProperties) = preSolution
		HideSolutionNode = FALSE
	EndGlobalSection
	GlobalSection(NestedProjects) = preSolution
		{0B91E456-D554-4453-B578-083076D54AAF} = {D34AAC54-99DD-4F09-A7B4-C6AECA32C83D}
		{2F5253AA-9D64-4EBA-9101-B7FAE1ED27DD} = {0B91E456-D554-4453-B578-083076D54AAF}
		{B18CA868-B37D-4A9B-9817-D1B09ADFE766} = {0B91E456-D554-4453-B578-083076D54AAF}
		{2EC0ADEA-5F10-462D-A2D0-81F8577D82C6} = {0B91E456-D554-4453-B578-083076D54AAF}
		{05E4ABCE-C629-4598-B649-C76EDD348A8B} = {0B91E456-D554-4453-B578-083076D54AAF}
		{06BD4281-B342-40B5-BA60-24E7730C6344} = {D34AAC54-99DD-4F09-A7B4-C6AECA32C83D}
		{E3FC07C5-2C8C-472E-85DF-BE881BD5D25E} = {06BD4281-B342-40B5-BA60-24E7730C6344}
		{8C99DF3D-48A3-4C13-A0D2-723817726DAF} = {06BD4281-B342-40B5-BA60-24E7730C6344}
		{D0C00F3C-4E0B-4B0B-B749-5D2ECB30B9A9} = {D34AAC54-99DD-4F09-A7B4-C6AECA32C83D}
		{0DA81E96-88B6-4F50-9649-10756FD2A227} = {D0C00F3C-4E0B-4B0B-B749-5D2ECB30B9A9}
		{378DE8E7-87BC-43CA-9E58-9CD15280DF9C} = {D0C00F3C-4E0B-4B0B-B749-5D2ECB30B9A9}
	EndGlobalSection
	GlobalSection(ExtensibilityGlobals) = postSolution
		SolutionGuid = {5287A967-68D2-428B-AE50-340A2B42F104}
	EndGlobalSection
EndGlobal
